
Microsoft Visual Studio Solution File, Format Version 12.00
# Visual Studio Version 17
VisualStudioVersion = 17.14.36414.22
MinimumVisualStudioVersion = 10.0.40219.1
Project("{2150E333-8FDC-42A3-9474-1A3956D46DE8}") = "Task0", "Task0", "{02EA681E-C7D8-13C7-8484-4AC65E1B71E8}"
EndProject
Project("{FAE04EC0-301F-11D3-BF4B-00C04F79EFBC}") = "Tyuiu.KovalenkoMA.Sprint3.Task0.V26.Lib", "Tyuiu.KovalenkoMA.Sprint3.Task0.V26.Lib\Tyuiu.KovalenkoMA.Sprint3.Task0.V26.Lib.csproj", "{3E2F92A3-105C-4EF3-9083-D513A03B203E}"
EndProject
Project("{FAE04EC0-301F-11D3-BF4B-00C04F79EFBC}") = "Tyuiu.KovalenkoMA.Sprint3.Task0.V26.Test", "Tyuiu.KovalenkoMA.Sprint3.Task0.V26.Test\Tyuiu.KovalenkoMA.Sprint3.Task0.V26.Test.csproj", "{6FC0DFEF-243F-4E29-89F5-CA96D3192E3D}"
EndProject
Project("{FAE04EC0-301F-11D3-BF4B-00C04F79EFBC}") = "Tyuiu.KovalenkoMA.Sprint3.Task0.V26", "Tyuiu.KovalenkoMA.Sprint3.Task0.V26\Tyuiu.KovalenkoMA.Sprint3.Task0.V26.csproj", "{F79AE881-8EE5-4F83-B39F-D3CFE17F39D0}"
EndProject
Project("{2150E333-8FDC-42A3-9474-1A3956D46DE8}") = "Task1", "Task1", "{8074830C-9EBB-4977-B8F4-507083B83A9E}"
EndProject
Project("{FAE04EC0-301F-11D3-BF4B-00C04F79EFBC}") = "Tyuiu.KovalenkoMA.Sprint3.Task1.V3", "Tyuiu.KovalenkoMA.Sprint3.Task1.V3\Tyuiu.KovalenkoMA.Sprint3.Task1.V3.csproj", "{D4A96D1E-F09B-4F25-9B2E-A47E4A4BC8C1}"
EndProject
Project("{FAE04EC0-301F-11D3-BF4B-00C04F79EFBC}") = "Tyuiu.KovalenkoMA.Sprint3.Task1.V3.Lib", "Tyuiu.KovalenkoMA.Sprint3.Task1.V3.Lib\Tyuiu.KovalenkoMA.Sprint3.Task1.V3.Lib.csproj", "{26802C95-D45C-479E-8C9E-259C2322F301}"
EndProject
Project("{FAE04EC0-301F-11D3-BF4B-00C04F79EFBC}") = "Tyuiu.KovalenkoMA.Sprint3.Task1.V3.Test", "Tyuiu.KovalenkoMA.Sprint3.Task1.V3.Test\Tyuiu.KovalenkoMA.Sprint3.Task1.V3.Test.csproj", "{1D1C3A3E-85C5-48A3-BB67-69B5ED3EFEB4}"
EndProject
Project("{2150E333-8FDC-42A3-9474-1A3956D46DE8}") = "Task2", "Task2", "{0950135A-C6A7-458A-9164-2F9B9D484DD5}"
EndProject
Project("{FAE04EC0-301F-11D3-BF4B-00C04F79EFBC}") = "Tyuiu.KovalenkoMA.Sprint3.Task2.V14.Lib", "Tyuiu.KovalenkoMA.Sprint3.Task2.V14.Lib\Tyuiu.KovalenkoMA.Sprint3.Task2.V14.Lib.csproj", "{862AC34E-AD6B-4DC1-84BC-C6D3D659C93C}"
EndProject
Project("{FAE04EC0-301F-11D3-BF4B-00C04F79EFBC}") = "Tyuiu.KovalenkoMA.Sprint3.Task2.V14.Test", "Tyuiu.KovalenkoMA.Sprint3.Task2.V14.Test\Tyuiu.KovalenkoMA.Sprint3.Task2.V14.Test.csproj", "{7AC86EA2-BA0A-4C5E-B2E7-C2F4EBADA899}"
EndProject
Project("{FAE04EC0-301F-11D3-BF4B-00C04F79EFBC}") = "Tyuiu.KovalenkoMA.Sprint3.Task2.V14", "Tyuiu.KovalenkoMA.Sprint3.Task2.V14\Tyuiu.KovalenkoMA.Sprint3.Task2.V14.csproj", "{7034610C-657D-4743-8911-F853375DD44A}"
EndProject
Project("{2150E333-8FDC-42A3-9474-1A3956D46DE8}") = "Task3", "Task3", "{573C304E-8A75-431E-93F5-83AE0FEF4CBA}"
EndProject
Project("{FAE04EC0-301F-11D3-BF4B-00C04F79EFBC}") = "Tyuiu.KovalenkoMA.Sprint3.Task3.V3", "Tyuiu.KovalenkoMA.Sprint3.Task3.V3\Tyuiu.KovalenkoMA.Sprint3.Task3.V3.csproj", "{9DD028E2-453D-4E3F-9FBE-C1D7473FBDDA}"
EndProject
Project("{FAE04EC0-301F-11D3-BF4B-00C04F79EFBC}") = "Tyuiu.KovalenkoMA.Sprint3.Task3.V3.Test", "Tyuiu.KovalenkoMA.Sprint3.Task3.V3.Test\Tyuiu.KovalenkoMA.Sprint3.Task3.V3.Test.csproj", "{D97FCE71-CFC9-4752-97AA-47B486147D68}"
EndProject
Project("{FAE04EC0-301F-11D3-BF4B-00C04F79EFBC}") = "Tyuiu.KovalenkoMA.Sprint3.Task3.V3.Lib", "Tyuiu.KovalenkoMA.Sprint3.Task3.V3.Lib\Tyuiu.KovalenkoMA.Sprint3.Task3.V3.Lib.csproj", "{CD83B46A-71EA-43E4-B3FC-64CDF980F048}"
EndProject
Project("{2150E333-8FDC-42A3-9474-1A3956D46DE8}") = "Task4", "Task4", "{A2DB3AF4-901A-46B8-BFFA-FA82BE9339B7}"
EndProject
Project("{FAE04EC0-301F-11D3-BF4B-00C04F79EFBC}") = "Tyuiu.KovalenkoMA.Sprint3.Task4.V18.Lib", "Tyuiu.KovalenkoMA.Sprint3.Task4.V18.Lib\Tyuiu.KovalenkoMA.Sprint3.Task4.V18.Lib.csproj", "{11806D31-0660-4278-ADFF-038B38FCDBF8}"
EndProject
Project("{FAE04EC0-301F-11D3-BF4B-00C04F79EFBC}") = "Tyuiu.KovalenkoMA.Sprint3.Task4.V18.Test", "Tyuiu.KovalenkoMA.Sprint3.Task4.V18.Test\Tyuiu.KovalenkoMA.Sprint3.Task4.V18.Test.csproj", "{2F30E020-80F4-4AFA-9D94-87D1A9CDE52F}"
EndProject
Project("{FAE04EC0-301F-11D3-BF4B-00C04F79EFBC}") = "Tyuiu.KovalenkoMA.Sprint3.Task4.V18", "Tyuiu.KovalenkoMA.Sprint3.Task4.V18\Tyuiu.KovalenkoMA.Sprint3.Task4.V18.csproj", "{92CA15B2-52F9-4372-B0B4-C093A653C2C1}"
EndProject
Project("{2150E333-8FDC-42A3-9474-1A3956D46DE8}") = "Task5", "Task5", "{81B45821-D069-44A2-AAD6-87C2EBCB3BCF}"
EndProject
Project("{FAE04EC0-301F-11D3-BF4B-00C04F79EFBC}") = "Tyuiu.KovalenkoMA.Sprint3.Task5.V14.Lib", "Tyuiu.KovalenkoMA.Sprint3.Task5.V14.Lib\Tyuiu.KovalenkoMA.Sprint3.Task5.V14.Lib.csproj", "{169283AE-5FCC-493F-A85A-E85257853578}"
EndProject
Project("{FAE04EC0-301F-11D3-BF4B-00C04F79EFBC}") = "Tyuiu.KovalenkoMA.Sprint3.Task5.V14", "Tyuiu.KovalenkoMA.Sprint3.Task5.V14\Tyuiu.KovalenkoMA.Sprint3.Task5.V14.csproj", "{CC55D4C7-0596-4360-A4A7-57FDA687A449}"
EndProject
Project("{FAE04EC0-301F-11D3-BF4B-00C04F79EFBC}") = "Tyuiu.KovalenkoMA.Sprint3.Task5.V14.Test", "Tyuiu.KovalenkoMA.Sprint3.Task5.V14.Test\Tyuiu.KovalenkoMA.Sprint3.Task5.V14.Test.csproj", "{96B56996-0E21-4F17-B5C3-DC9726A063DF}"
EndProject
Global
	GlobalSection(SolutionConfigurationPlatforms) = preSolution
		Debug|Any CPU = Debug|Any CPU
		Release|Any CPU = Release|Any CPU
	EndGlobalSection
	GlobalSection(ProjectConfigurationPlatforms) = postSolution
		{3E2F92A3-105C-4EF3-9083-D513A03B203E}.Debug|Any CPU.ActiveCfg = Debug|Any CPU
		{3E2F92A3-105C-4EF3-9083-D513A03B203E}.Debug|Any CPU.Build.0 = Debug|Any CPU
		{3E2F92A3-105C-4EF3-9083-D513A03B203E}.Release|Any CPU.ActiveCfg = Release|Any CPU
		{3E2F92A3-105C-4EF3-9083-D513A03B203E}.Release|Any CPU.Build.0 = Release|Any CPU
		{6FC0DFEF-243F-4E29-89F5-CA96D3192E3D}.Debug|Any CPU.ActiveCfg = Debug|Any CPU
		{6FC0DFEF-243F-4E29-89F5-CA96D3192E3D}.Debug|Any CPU.Build.0 = Debug|Any CPU
		{6FC0DFEF-243F-4E29-89F5-CA96D3192E3D}.Release|Any CPU.ActiveCfg = Release|Any CPU
		{6FC0DFEF-243F-4E29-89F5-CA96D3192E3D}.Release|Any CPU.Build.0 = Release|Any CPU
		{F79AE881-8EE5-4F83-B39F-D3CFE17F39D0}.Debug|Any CPU.ActiveCfg = Debug|Any CPU
		{F79AE881-8EE5-4F83-B39F-D3CFE17F39D0}.Debug|Any CPU.Build.0 = Debug|Any CPU
		{F79AE881-8EE5-4F83-B39F-D3CFE17F39D0}.Release|Any CPU.ActiveCfg = Release|Any CPU
		{F79AE881-8EE5-4F83-B39F-D3CFE17F39D0}.Release|Any CPU.Build.0 = Release|Any CPU
		{D4A96D1E-F09B-4F25-9B2E-A47E4A4BC8C1}.Debug|Any CPU.ActiveCfg = Debug|Any CPU
		{D4A96D1E-F09B-4F25-9B2E-A47E4A4BC8C1}.Debug|Any CPU.Build.0 = Debug|Any CPU
		{D4A96D1E-F09B-4F25-9B2E-A47E4A4BC8C1}.Release|Any CPU.ActiveCfg = Release|Any CPU
		{D4A96D1E-F09B-4F25-9B2E-A47E4A4BC8C1}.Release|Any CPU.Build.0 = Release|Any CPU
		{26802C95-D45C-479E-8C9E-259C2322F301}.Debug|Any CPU.ActiveCfg = Debug|Any CPU
		{26802C95-D45C-479E-8C9E-259C2322F301}.Debug|Any CPU.Build.0 = Debug|Any CPU
		{26802C95-D45C-479E-8C9E-259C2322F301}.Release|Any CPU.ActiveCfg = Release|Any CPU
		{26802C95-D45C-479E-8C9E-259C2322F301}.Release|Any CPU.Build.0 = Release|Any CPU
		{1D1C3A3E-85C5-48A3-BB67-69B5ED3EFEB4}.Debug|Any CPU.ActiveCfg = Debug|Any CPU
		{1D1C3A3E-85C5-48A3-BB67-69B5ED3EFEB4}.Debug|Any CPU.Build.0 = Debug|Any CPU
		{1D1C3A3E-85C5-48A3-BB67-69B5ED3EFEB4}.Release|Any CPU.ActiveCfg = Release|Any CPU
		{1D1C3A3E-85C5-48A3-BB67-69B5ED3EFEB4}.Release|Any CPU.Build.0 = Release|Any CPU
		{862AC34E-AD6B-4DC1-84BC-C6D3D659C93C}.Debug|Any CPU.ActiveCfg = Debug|Any CPU
		{862AC34E-AD6B-4DC1-84BC-C6D3D659C93C}.Debug|Any CPU.Build.0 = Debug|Any CPU
		{862AC34E-AD6B-4DC1-84BC-C6D3D659C93C}.Release|Any CPU.ActiveCfg = Release|Any CPU
		{862AC34E-AD6B-4DC1-84BC-C6D3D659C93C}.Release|Any CPU.Build.0 = Release|Any CPU
		{7AC86EA2-BA0A-4C5E-B2E7-C2F4EBADA899}.Debug|Any CPU.ActiveCfg = Debug|Any CPU
		{7AC86EA2-BA0A-4C5E-B2E7-C2F4EBADA899}.Debug|Any CPU.Build.0 = Debug|Any CPU
		{7AC86EA2-BA0A-4C5E-B2E7-C2F4EBADA899}.Release|Any CPU.ActiveCfg = Release|Any CPU
		{7AC86EA2-BA0A-4C5E-B2E7-C2F4EBADA899}.Release|Any CPU.Build.0 = Release|Any CPU
		{7034610C-657D-4743-8911-F853375DD44A}.Debug|Any CPU.ActiveCfg = Debug|Any CPU
		{7034610C-657D-4743-8911-F853375DD44A}.Debug|Any CPU.Build.0 = Debug|Any CPU
		{7034610C-657D-4743-8911-F853375DD44A}.Release|Any CPU.ActiveCfg = Release|Any CPU
		{7034610C-657D-4743-8911-F853375DD44A}.Release|Any CPU.Build.0 = Release|Any CPU
		{9DD028E2-453D-4E3F-9FBE-C1D7473FBDDA}.Debug|Any CPU.ActiveCfg = Debug|Any CPU
		{9DD028E2-453D-4E3F-9FBE-C1D7473FBDDA}.Debug|Any CPU.Build.0 = Debug|Any CPU
		{9DD028E2-453D-4E3F-9FBE-C1D7473FBDDA}.Release|Any CPU.ActiveCfg = Release|Any CPU
		{9DD028E2-453D-4E3F-9FBE-C1D7473FBDDA}.Release|Any CPU.Build.0 = Release|Any CPU
		{D97FCE71-CFC9-4752-97AA-47B486147D68}.Debug|Any CPU.ActiveCfg = Debug|Any CPU
		{D97FCE71-CFC9-4752-97AA-47B486147D68}.Debug|Any CPU.Build.0 = Debug|Any CPU
		{D97FCE71-CFC9-4752-97AA-47B486147D68}.Release|Any CPU.ActiveCfg = Release|Any CPU
		{D97FCE71-CFC9-4752-97AA-47B486147D68}.Release|Any CPU.Build.0 = Release|Any CPU
		{CD83B46A-71EA-43E4-B3FC-64CDF980F048}.Debug|Any CPU.ActiveCfg = Debug|Any CPU
		{CD83B46A-71EA-43E4-B3FC-64CDF980F048}.Debug|Any CPU.Build.0 = Debug|Any CPU
		{CD83B46A-71EA-43E4-B3FC-64CDF980F048}.Release|Any CPU.ActiveCfg = Release|Any CPU
		{CD83B46A-71EA-43E4-B3FC-64CDF980F048}.Release|Any CPU.Build.0 = Release|Any CPU
		{11806D31-0660-4278-ADFF-038B38FCDBF8}.Debug|Any CPU.ActiveCfg = Debug|Any CPU
		{11806D31-0660-4278-ADFF-038B38FCDBF8}.Debug|Any CPU.Build.0 = Debug|Any CPU
		{11806D31-0660-4278-ADFF-038B38FCDBF8}.Release|Any CPU.ActiveCfg = Release|Any CPU
		{11806D31-0660-4278-ADFF-038B38FCDBF8}.Release|Any CPU.Build.0 = Release|Any CPU
		{2F30E020-80F4-4AFA-9D94-87D1A9CDE52F}.Debug|Any CPU.ActiveCfg = Debug|Any CPU
		{2F30E020-80F4-4AFA-9D94-87D1A9CDE52F}.Debug|Any CPU.Build.0 = Debug|Any CPU
		{2F30E020-80F4-4AFA-9D94-87D1A9CDE52F}.Release|Any CPU.ActiveCfg = Release|Any CPU
		{2F30E020-80F4-4AFA-9D94-87D1A9CDE52F}.Release|Any CPU.Build.0 = Release|Any CPU
		{92CA15B2-52F9-4372-B0B4-C093A653C2C1}.Debug|Any CPU.ActiveCfg = Debug|Any CPU
		{92CA15B2-52F9-4372-B0B4-C093A653C2C1}.Debug|Any CPU.Build.0 = Debug|Any CPU
		{92CA15B2-52F9-4372-B0B4-C093A653C2C1}.Release|Any CPU.ActiveCfg = Release|Any CPU
		{92CA15B2-52F9-4372-B0B4-C093A653C2C1}.Release|Any CPU.Build.0 = Release|Any CPU
		{169283AE-5FCC-493F-A85A-E85257853578}.Debug|Any CPU.ActiveCfg = Debug|Any CPU
		{169283AE-5FCC-493F-A85A-E85257853578}.Debug|Any CPU.Build.0 = Debug|Any CPU
		{169283AE-5FCC-493F-A85A-E85257853578}.Release|Any CPU.ActiveCfg = Release|Any CPU
		{169283AE-5FCC-493F-A85A-E85257853578}.Release|Any CPU.Build.0 = Release|Any CPU
		{CC55D4C7-0596-4360-A4A7-57FDA687A449}.Debug|Any CPU.ActiveCfg = Debug|Any CPU
		{CC55D4C7-0596-4360-A4A7-57FDA687A449}.Debug|Any CPU.Build.0 = Debug|Any CPU
		{CC55D4C7-0596-4360-A4A7-57FDA687A449}.Release|Any CPU.ActiveCfg = Release|Any CPU
		{CC55D4C7-0596-4360-A4A7-57FDA687A449}.Release|Any CPU.Build.0 = Release|Any CPU
		{96B56996-0E21-4F17-B5C3-DC9726A063DF}.Debug|Any CPU.ActiveCfg = Debug|Any CPU
		{96B56996-0E21-4F17-B5C3-DC9726A063DF}.Debug|Any CPU.Build.0 = Debug|Any CPU
		{96B56996-0E21-4F17-B5C3-DC9726A063DF}.Release|Any CPU.ActiveCfg = Release|Any CPU
		{96B56996-0E21-4F17-B5C3-DC9726A063DF}.Release|Any CPU.Build.0 = Release|Any CPU
	EndGlobalSection
	GlobalSection(SolutionProperties) = preSolution
		HideSolutionNode = FALSE
	EndGlobalSection
	GlobalSection(NestedProjects) = preSolution
		{3E2F92A3-105C-4EF3-9083-D513A03B203E} = {02EA681E-C7D8-13C7-8484-4AC65E1B71E8}
		{6FC0DFEF-243F-4E29-89F5-CA96D3192E3D} = {02EA681E-C7D8-13C7-8484-4AC65E1B71E8}
		{F79AE881-8EE5-4F83-B39F-D3CFE17F39D0} = {02EA681E-C7D8-13C7-8484-4AC65E1B71E8}
		{D4A96D1E-F09B-4F25-9B2E-A47E4A4BC8C1} = {8074830C-9EBB-4977-B8F4-507083B83A9E}
		{26802C95-D45C-479E-8C9E-259C2322F301} = {8074830C-9EBB-4977-B8F4-507083B83A9E}
		{1D1C3A3E-85C5-48A3-BB67-69B5ED3EFEB4} = {8074830C-9EBB-4977-B8F4-507083B83A9E}
		{862AC34E-AD6B-4DC1-84BC-C6D3D659C93C} = {0950135A-C6A7-458A-9164-2F9B9D484DD5}
		{7AC86EA2-BA0A-4C5E-B2E7-C2F4EBADA899} = {0950135A-C6A7-458A-9164-2F9B9D484DD5}
		{7034610C-657D-4743-8911-F853375DD44A} = {0950135A-C6A7-458A-9164-2F9B9D484DD5}
		{9DD028E2-453D-4E3F-9FBE-C1D7473FBDDA} = {573C304E-8A75-431E-93F5-83AE0FEF4CBA}
		{D97FCE71-CFC9-4752-97AA-47B486147D68} = {573C304E-8A75-431E-93F5-83AE0FEF4CBA}
		{CD83B46A-71EA-43E4-B3FC-64CDF980F048} = {573C304E-8A75-431E-93F5-83AE0FEF4CBA}
		{11806D31-0660-4278-ADFF-038B38FCDBF8} = {A2DB3AF4-901A-46B8-BFFA-FA82BE9339B7}
		{2F30E020-80F4-4AFA-9D94-87D1A9CDE52F} = {A2DB3AF4-901A-46B8-BFFA-FA82BE9339B7}
		{92CA15B2-52F9-4372-B0B4-C093A653C2C1} = {A2DB3AF4-901A-46B8-BFFA-FA82BE9339B7}
		{169283AE-5FCC-493F-A85A-E85257853578} = {81B45821-D069-44A2-AAD6-87C2EBCB3BCF}
		{CC55D4C7-0596-4360-A4A7-57FDA687A449} = {81B45821-D069-44A2-AAD6-87C2EBCB3BCF}
		{96B56996-0E21-4F17-B5C3-DC9726A063DF} = {81B45821-D069-44A2-AAD6-87C2EBCB3BCF}
	EndGlobalSection
	GlobalSection(ExtensibilityGlobals) = postSolution
		SolutionGuid = {898759A5-04DB-47A7-B5C8-3F584F131EBB}
	EndGlobalSection
EndGlobal
